lockfileVersion: '9.0'

settings:
  autoInstallPeers: false
  excludeLinksFromLockfile: false

importers:

  .:
    devDependencies:
      '@commitlint/cli':
        specifier: 21.2.1
        version: 21.2.1(@types/node@24.13.2)(typescript@6.0.3)
      '@commitlint/config-conventional':
        specifier: 21.2.0
        version: 21.2.0
      '@types/node':
        specifier: 24.13.2
        version: 24.13.2
      is-ci:
        specifier: 4.1.0
        version: 4.1.0
      lefthook:
        specifier: 2.1.9
        version: 2.1.9
      prettier:
        specifier: 3.9.4
        version: 3.9.4
      prettier-plugin-packagejson:
        specifier: 3.0.2
        version: 3.0.2(prettier@3.9.4)
      prettier-plugin-toml:
        specifier: 2.0.6
        version: 2.0.6(prettier@3.9.4)
      typescript:
        specifier: 6.0.3
        version: 6.0.3

packages:

  '@babel/code-frame@7.29.0':
    resolution: {integrity: sha512-9NhCeYjq9+3uxgdtp20LSiJXJvN0FeCtNGpJxuMFZ1Kv3cWUNb6DOhJwUvcVCzKGR66cw4njwM6hrJLqgOwbcw==}
    engines: {node: '>=6.9.0'}

  '@babel/helper-validator-identifier@7.28.5':
    resolution: {integrity: sha512-qSs4ifwzKJSV39ucNjsvc6WVHs6b7S03sOh2OcHF9UHfVPqWWALUsNUVzhSBiItjRZoLHx7nIarVjqKVusUZ1Q==}
    engines: {node: '>=6.9.0'}

  '@commitlint/cli@21.2.1':
    resolution: {integrity: sha512-blsZGe29hJ72VGEFVl72IVYX+1vsfINpjA9yWQA6i7OKD/McGEOXg08sKIRKjFk4JvzhV/9n0l3i6NooPLTNfg==}
    engines: {node: '>=22.12.0'}
    hasBin: true

  '@commitlint/config-conventional@21.2.0':
    resolution: {integrity: sha512-Qf8WRDVcyVd14if6VTWenebxFbKnVnbzPUJjlzjkyJGeHK2xCGd63Dr1XZzj0plXKQb9P0BfOxoc1HVeCo2BWQ==}
    engines: {node: '>=22.12.0'}

  '@commitlint/config-validator@21.2.0':
    resolution: {integrity: sha512-t7AzNHAKeIdo/3NRGwzpufKHsKkPHmFs/56N2Fnsh0/r0rGtnQzTxk6vnFgjaGr4hdSQKNB50/KAhR9Yk4LJKA==}
    engines: {node: '>=22.12.0'}

  '@commitlint/ensure@21.2.0':
    resolution: {integrity: sha512-76IF9vDNS13lAzEEik9eKwzt8f9hYhWiwVXZ2AnyLCz5/f511FsEQ3pw1X3/zSQpdRLQU7i5qDMVKyXi1GWjSg==}
    engines: {node: '>=22.12.0'}

  '@commitlint/execute-rule@21.0.1':
    resolution: {integrity: sha512-RifH+FmImozKBE6mozhF4K3r2RRKP7SMi/Q/zLCmExtp5e05lhHOUYqGBlFBAGNHaZxU/WYw1XuugYK9jQzqnA==}
    engines: {node: '>=22.12.0'}

  '@commitlint/format@21.2.0':
    resolution: {integrity: sha512-c4q64xaav2U83t7k7RyzJerBZurPer7FxUOY0RL5L/6CZijZ7K+s6HIBGIghj0ey1P2+seRX0J9XQYtDued6tg==}
    engines: {node: '>=22.12.0'}

  '@commitlint/is-ignored@21.2.0':
    resolution: {integrity: sha512-4/eB0vBN7L88O/oC4ajAEqi7j2ZfNgxl/+11RfAV9YosejZgDXhY2C9VcHnHJhOzPLoSy5P3Mg/46kqeyJfXKw==}
    engines: {node: '>=22.12.0'}

  '@commitlint/lint@21.2.0':
    resolution: {integrity: sha512-ceO5dp9pLjEZ6y6qbq/uXWXDPykqqlTsyzoQ0NzecpisSJhK3kTy9qzQoPeJuWG/IMNdV1lO0RgmzqoAlSi1uw==}
    engines: {node: '>=22.12.0'}

  '@commitlint/load@21.2.0':
    resolution: {integrity: sha512-RjlzWQqruRwIenJEfZtq7kG97co97nKoHpflE5YnF61tDLXxHPrdWImgzw6VL6MlFyaOcVlk74eBV8ZQmc3oIA==}
    engines: {node: '>=22.12.0'}

  '@commitlint/message@21.2.0':
    resolution: {integrity: sha512-YxGoiXD/HXNXLJPrQwE5poXa+XH0CBEm+mdvbHQP0g6MV/dmJyUFCzPNzZbxL93GvZ70TmtTK0Z0/IBpAqHv8g==}
    engines: {node: '>=22.12.0'}

  '@commitlint/parse@21.2.0':
    resolution: {integrity: sha512-QHWxG4d0PLTF634/AdyZ0MQS+CLn5YOuJlCFhMMlSGKFxzYGUetkHBj18xgBD+6fVzUrA2lrCdi/vlS2f/oYXg==}
    engines: {node: '>=22.12.0'}

  '@commitlint/read@21.2.1':
    resolution: {integrity: sha512-hUW7EJQnNTL0vPOmVMNK4CrnrNBN0nN+JJHReFkdHO5y4iyHeEmTBwuC15OCqUTjxWo7idnH1LftfpWVIaPWIA==}
    engines: {node: '>=22.12.0'}

  '@commitlint/resolve-extends@21.2.0':
    resolution: {integrity: sha512-4O/1j51+79Wth9s/MGxt/5gs0XYLDgNlYpltQfhAvLE0itusLKs9zruxbiNg1oOkmkb9L9L4USYGjEj7n87NxA==}
    engines: {node: '>=22.12.0'}

  '@commitlint/rules@21.2.0':
    resolution: {integrity: sha512-C2yXMNpiB8ETZKfx5JD8+ExgF8vTU1VQMKPSUUYwqKpw9oJWQBrlXBpdU038mj2WPjof7o9UzFpmTyBeGMZwZg==}
    engines: {node: '>=22.12.0'}

  '@commitlint/to-lines@21.0.1':
    resolution: {integrity: sha512-bd1BFII7p1EQZre9Kaj+kKaMFP3cFCdt21K7DItVux9XP5WjLgJ0/Uy1pJJh9aPwVJ6SKg62PxqlZaHI8hQAXw==}
    engines: {node: '>=22.12.0'}

  '@commitlint/top-level@21.2.0':
    resolution: {integrity: sha512-Y5gmQ+KxzqCrBFJfLvFEPvvwD3LDiNZoTT2yeFBm96M8qhmqSzQc5DvX3rheAaAMjyIvMXOCLS/mWfdpONsjyQ==}
    engines: {node: '>=22.12.0'}

  '@commitlint/types@21.2.0':
    resolution: {integrity: sha512-7zVFCDB2reMvJH5dmbKnOQPjZEvjdJTH8jc0U/PIPU1r3/+vf5pD1HlfitV2MWsWXrvu7u39iY1lyLUPOaN0Gw==}
    engines: {node: '>=22.12.0'}

  '@conventional-changelog/git-client@3.1.0':
    resolution: {integrity: sha512-Tqa/gHco2WJWa740NRjOrfKVvzIqxkZpecb8bemaQ8sKM5PXb1UK4uTyTb/1wIqNuOVaDOFxyBdhTIQZn6gdjQ==}
    engines: {node: '>=22'}
    peerDependencies:
      conventional-commits-filter: ^6.0.1
      conventional-commits-parser: ^7.0.1
    peerDependenciesMeta:
      conventional-commits-filter:
        optional: true
      conventional-commits-parser:
        optional: true

  '@conventional-changelog/template@1.2.0':
    resolution: {integrity: sha512-12qHxvlKjHmP0PQ+17EREgC7lWyLwbph1RKcZQZ7k7ZWGmrxfxC9gadHGfvzr0g0u8BhiBGg3tks93txodlyRQ==}
    engines: {node: '>=22'}

  '@simple-libs/child-process-utils@2.0.0':
    resolution: {integrity: sha512-dvNoRKLijXnD0XoJAz94pbNuB5GQgDr55UhpSPhffDkTT0Cmcqh9jSCOtwfT2d4H6MI9E7c4SgtMuJXZ6F3c6A==}
    engines: {node: '>=22'}

  '@simple-libs/stream-utils@2.0.0':
    resolution: {integrity: sha512-fCTuZK4QBa+39Oz9l4OGfJfz+GpwCp3AqO7Zch3to99xHPgstVsRFpeQ8LNd2o1Gv8raL2mCFwiaHh7bFSp5DQ==}
    engines: {node: '>=22'}

  '@taplo/core@0.2.0':
    resolution: {integrity: sha512-r8bl54Zj1In3QLkiW/ex694bVzpPJ9EhwqT9xkcUVODnVUGirdB1JTsmiIv0o1uwqZiwhi8xNnTOQBRQCpizrQ==}

  '@taplo/lib@0.5.0':
    resolution: {integrity: sha512-+xIqpQXJco3T+VGaTTwmhxLa51qpkQxCjRwezjFZgr+l21ExlywJFcDfTrNmL6lG6tqb0h8GyJKO3UPGPtSCWg==}

  '@types/node@24.13.2':
    resolution: {integrity: sha512-fRa09kZTgu8o71KFcDjUFuc7F+dEbZYZmkI0mg5YBTRs0yMKjYHsq/c0urDKeDb+D5qVgXOdFcuu+DZPKOITwA==}

  ajv@8.20.0:
    resolution: {integrity: sha512-Thbli+OlOj+iMPYFBVBfJ3OmCAnaSyNn4M1vz9T6Gka5Jt9ba/HIR56joy65tY6kx/FCF5VXNB819Y7/GUrBGA==}

  ansi-regex@6.2.2:
    resolution: {integrity: sha512-Bq3SmSpyFHaWjPk8If9yc6svM8c56dB5BAtW4Qbw5jHTwwXXcTLoRMkpDJp6VL0XzlWaCHTXrkFURMYmD0sLqg==}
    engines: {node: '>=12'}

  ansi-styles@6.2.3:
    resolution: {integrity: sha512-4Dj6M28JB+oAH8kFkTLUo+a2jwOFkuqb3yucU0CANcRRUbxS0cP0nZYCGjcc3BNXwRIsUVmDGgzawme7zvJHvg==}
    engines: {node: '>=12'}

  argparse@2.0.1:
    resolution: {integrity: sha512-8+9WqebbFzpX9OR+Wa6O29asIogeRMzcGtAINdpMHHyAg10f05aSFVBbcEqGf/PXw1EjAZ+q2/bEBg3DvurK3Q==}

  callsites@3.1.0:
    resolution: {integrity: sha512-P8BjAsXvZS+VIDUI11hHCQEv74YT67YUi5JJFNWIqL235sBmjX4+qx9Muvls5ivyNENctx46xQLQ3aTuE7ssaQ==}
    engines: {node: '>=6'}

  ci-info@4.4.0:
    resolution: {integrity: sha512-77PSwercCZU2Fc4sX94eF8k8Pxte6JAwL4/ICZLFjJLqegs7kCuAsqqj/70NQF6TvDpgFjkubQB2FW2ZZddvQg==}
    engines: {node: '>=8'}

  cliui@9.0.1:
    resolution: {integrity: sha512-k7ndgKhwoQveBL+/1tqGJYNz097I7WOvwbmmU2AR5+magtbjPWQTS1C5vzGkBC8Ym8UWRzfKUzUUqFLypY4Q+w==}
    engines: {node: '>=20'}

  conventional-changelog-angular@9.2.0:
    resolution: {integrity: sha512-2EihZvM1KmbBGwuUow8lNXLe+ECRFsyOcV8X0197/WI7Rvvgfi55Oicfw0wxJTXGGIVXSfj+xBoNj+cxLlIiVw==}
    engines: {node: '>=22'}

  conventional-changelog-conventionalcommits@10.2.0:
    resolution: {integrity: sha512-UtlM9GqolY7OmlQh5L/UEVoKsTUpTgUVy1PU8JN5gl5Ydaejb7WRklGliG1SKPxxj7hzA173eG3Kt5fYWE2pmg==}
    engines: {node: '>=22'}

  conventional-commits-parser@7.0.0:
    resolution: {integrity: sha512-dZe/p+FgGQLNJFqaCgNdl8j6a7gI8xuaN30Wy5g7nvyK3jqOpNUEUZ3pGJ5D68h89uRh038FtkeOk/bnGmYkmg==}
    engines: {node: '>=22'}
    hasBin: true

  cosmiconfig-typescript-loader@6.3.0:
    resolution: {integrity: sha512-Akr82WH1Wfqatyiqpj8HDkO2o2KmJRu1FhKfSNJP3K4IdXwHfEyL7MOb62i1AGQVLtIQM+iCE9CGOtrfhR+mmA==}
    engines: {node: '>=v18'}
    peerDependencies:
      '@types/node': '*'
      cosmiconfig: '>=9'
      typescript: '>=5'

  cosmiconfig@9.0.1:
    resolution: {integrity: sha512-hr4ihw+DBqcvrsEDioRO31Z17x71pUYoNe/4h6Z0wB72p7MU7/9gH8Q3s12NFhHPfYBBOV3qyfUxmr/Yn3shnQ==}
    engines: {node: '>=14'}
    peerDependencies:
      typescript: '>=4.9.5'
    peerDependenciesMeta:
      typescript:
        optional: true

  detect-indent@7.0.2:
    resolution: {integrity: sha512-y+8xyqdGLL+6sh0tVeHcfP/QDd8gUgbasolJJpY7NgeQGSZ739bDtSiaiDgtoicy+mtYB81dKLxO9xRhCyIB3A==}
    engines: {node: '>=12.20'}

  detect-newline@4.0.1:
    resolution: {integrity: sha512-qE3Veg1YXzGHQhlA6jzebZN2qVf6NX+A7m7qlhCGG30dJixrAQhYOsJjsnBjJkCSmuOPpCk30145fr8FV0bzog==}
    engines: {node: ^12.20.0 || ^14.13.1 || >=16.0.0}

  emoji-regex@10.6.0:
    resolution: {integrity: sha512-toUI84YS5YmxW219erniWD0CIVOo46xGKColeNQRgOzDorgBi1v4D71/OFzgD9GO2UGKIv1C3Sp8DAn0+j5w7A==}

  env-paths@2.2.1:
    resolution: {integrity: sha512-+h1lkLKhZMTYjog1VEpJNG7NZJWcuc2DDk/qsqSTRRCOXiLjeQ1d1/udrUGhqMxUgAlwKNZ0cf2uqan5GLuS2A==}
    engines: {node: '>=6'}

  error-ex@1.3.4:
    resolution: {integrity: sha512-sqQamAnR14VgCr1A618A3sGrygcpK+HEbenA/HiEAkkUwcZIIB/tgWqHFxWgOyDh4nB4JCRimh79dR5Ywc9MDQ==}

  es-toolkit@1.46.1:
    resolution: {integrity: sha512-5eNtXOs3tbfxXOj04tjjseeWkRWaoCjdEI+96DgwzZoe6c9juL49pXlzAFTI72aWC9Y8p7168g6XIKjh7k6pyQ==}

  escalade@3.2.0:
    resolution: {integrity: sha512-WUj2qlxaQtO4g6Pq5c29GTcWGDyd8itL8zTlipgECz3JesAiiOKotd8JU6otB3PACgG6xkJUyVhboMS+bje/jA==}
    engines: {node: '>=6'}

  fast-deep-equal@3.1.3:
    resolution: {integrity: sha512-f3qQ9oQy9j2AhBe/H9VC91wLmKBCCU/gDOnKNAYG5hswO7BLKj09Hc5HYNz9cGI++xlpDCIgDaitVs03ATR84Q==}

  fast-uri@3.1.0:
    resolution: {integrity: sha512-iPeeDKJSWf4IEOasVVrknXpaBV0IApz/gp7S2bb7Z4Lljbl2MGJRqInZiUrQwV16cpzw/D3S5j5Julj/gT52AA==}

  fdir@6.5.0:
    resolution: {integrity: sha512-tIbYtZbucOs0BRGqPJkshJUYdL+SDH7dVM8gjy+ERp3WAUjLEFJE+02kanyHtwjWOnwrKYBiwAmM0p4kLJAnXg==}
    engines: {node: '>=12.0.0'}
    peerDependencies:
      picomatch: ^3 || ^4
    peerDependenciesMeta:
      picomatch:
        optional: true

  get-caller-file@2.0.5:
    resolution: {integrity: sha512-DyFP3BM/3YHTQOCUL/w0OZHR0lpKeGrxotcHWcqNEdnltqFwXVfhEBQ94eIo34AfQpo0rGki4cyIiftY06h2Fg==}
    engines: {node: 6.* || 8.* || >= 10.*}

  get-east-asian-width@1.6.0:
    resolution: {integrity: sha512-QRbvDIbx6YklUe6RxeTeleMR0yv3cYH6PsPZHcnVn7xv7zO1BHN8r0XETu8n6Ye3Q+ahtSarc3WgtNWmehIBfA==}
    engines: {node: '>=18'}

  git-hooks-list@4.2.1:
    resolution: {integrity: sha512-WNvqJjOxxs/8ZP9+DWdwWJ7cDsd60NHf39XnD82pDVrKO5q7xfPqpkK6hwEAmBa/ZSEE4IOoR75EzbbIuwGlMw==}

  global-directory@5.0.0:
    resolution: {integrity: sha512-1pgFdhK3J2LeM+dVf2Pd424yHx2ou338lC0ErNP2hPx4j8eW1Sp0XqSjNxtk6Tc4Kr5wlWtSvz8cn2yb7/SG/w==}
    engines: {node: '>=20'}

  import-fresh@3.3.1:
    resolution: {integrity: sha512-TR3KfrTZTYLPB6jUjfx6MF9WcWrHL9su5TObK4ZkYgBdWKPOFoSoQIdEuTuR82pmtxH2spWG9h6etwfr1pLBqQ==}
    engines: {node: '>=6'}

  ini@6.0.0:
    resolution: {integrity: sha512-IBTdIkzZNOpqm7q3dRqJvMaldXjDHWkEDfrwGEQTs5eaQMWV+djAhR+wahyNNMAa+qpbDUhBMVt4ZKNwpPm7xQ==}
    engines: {node: ^20.17.0 || >=22.9.0}

  is-arrayish@0.2.1:
    resolution: {integrity: sha512-zz06S8t0ozoDXMG+ube26zeCTNXcKIPJZJi8hBrF4idCLms4CG9QtK7qBl1boi5ODzFpjswb5JPmHCbMpjaYzg==}

  is-ci@4.1.0:
    resolution: {integrity: sha512-Ab9bQDQ11lWootZUI5qxgN2ZXwxNI5hTwnsvOc1wyxQ7zQ8OkEDw79mI0+9jI3x432NfwbVRru+3noJfXF6lSQ==}
    hasBin: true

  is-plain-obj@4.1.0:
    resolution: {integrity: sha512-+Pgi+vMuUNkJyExiMBt5IlFoMyKnr5zhJ4Uspz58WOhBF5QoIZkFyNHIbBAtHwzVAgk5RtndVNsDRN61/mmDqg==}
    engines: {node: '>=12'}

  jiti@2.6.1:
    resolution: {integrity: sha512-ekilCSN1jwRvIbgeg/57YFh8qQDNbwDb9xT/qu2DAHbFFZUicIl4ygVaAvzveMhMVr3LnpSKTNnwt8PoOfmKhQ==}
    hasBin: true

  js-tokens@4.0.0:
    resolution: {integrity: sha512-RdJUflcE3cUzKiMqQgsCu06FPu9UdIJO0beYbPhHN4k6apgJtifcoCtT9bcxOpYBtpD2kCM6Sbzg4CausW/PKQ==}

  js-yaml@4.1.1:
    resolution: {integrity: sha512-qQKT4zQxXl8lLwBtHMWwaTcGfFOZviOJet3Oy/xmGk2gZH677CJM9EvtfdSkgWcATZhj/55JZ0rmy3myCT5lsA==}
    hasBin: true

  json-parse-even-better-errors@2.3.1:
    resolution: {integrity: sha512-xyFwyhro/JEof6Ghe2iz2NcXoj2sloNsWr/XsERDK/oiPCfaNhl5ONfp+jQdAZRQQ0IJWNzH9zIZF7li91kh2w==}

  json-schema-traverse@1.0.0:
    resolution: {integrity: sha512-NM8/P9n3XjXhIZn1lLhkFaACTOURQXjWhV4BA/RnOv8xvgqtqpAX9IO4mRQxSx1Rlo4tqzeqb0sOlruaOy3dug==}

  lefthook-darwin-arm64@2.1.9:
    resolution: {integrity: sha512-119HryNcvr4nqn0wUIrNPgpMEPn9yMQzEcW/lezRsnb56PCJriJB92+MCySPVcWDxJnZef7o0T3jdnPNiSH7Qg==}
    cpu: [arm64]
    os: [darwin]

  lefthook-darwin-x64@2.1.9:
    resolution: {integrity: sha512-dwo5Tke2XcQCM56DGHgFKBfRbJIL6xs2wZ0zG1TUVZgl4t4mQUt6LiZ4V/ZQfYHTZF9qywvXoIlR5N35qOaiVQ==}
    cpu: [x64]
    os: [darwin]

  lefthook-freebsd-arm64@2.1.9:
    resolution: {integrity: sha512-+09PVap6nl6xsaHch5JLtq7WvIR++U1Q2MzA2ai0M4uB/VP3AqrvKqHw6+9hjyKnIH+HHL83uqi77EAY+LaxLA==}
    cpu: [arm64]
    os: [freebsd]

  lefthook-freebsd-x64@2.1.9:
    resolution: {integrity: sha512-8XresjKIYpkE9ARgCtBEZgJZxAU3T4MIqzj4zNy15XRT59I1Us+QdqXTNm+pkZ41Yd2X/nxs2Pkvbq3NWWlIGw==}
    cpu: [x64]
    os: [freebsd]

  lefthook-linux-arm64@2.1.9:
    resolution: {integrity: sha512-1oNIQfwrPe6rgU2KcDM3aF6+hpZDCKx1TmawQKpXUY5gVsbZ7MqX0Sk/1lnnWxqPm+kQQ5f6J2dpFWd+4xH8jg==}
    cpu: [arm64]
    os: [linux]

  lefthook-linux-x64@2.1.9:
    resolution: {integrity: sha512-fT+7Q+BJyGp+CslFQkNXmdFRgyVXsPHPi9NAsDX0a6QOyNnoORByAsvx6zeAKuF5rL3BBgNfho1/v2RuGxGy9w==}
    cpu: [x64]
    os: [linux]

  lefthook-openbsd-arm64@2.1.9:
    resolution: {integrity: sha512-4bVuafBk3dddVNo0+3hMbjcJs4mqYAstxpPMmX2ufkudSTYFNIhWoqwuGVQV/SS/xdcOKJAldW4qayAzed2ysw==}
    cpu: [arm64]
    os: [openbsd]

  lefthook-openbsd-x64@2.1.9:
    resolution: {integrity: sha512-PmPoMmLP/wQQWcQ9u2YH86bTZ3UCfBsxuEmVTEyPU2U8R1qSTp5r/Gs3G8cN5Mxo91XB9oBERtF1n+xD3W6aVA==}
    cpu: [x64]
    os: [openbsd]

  lefthook-windows-arm64@2.1.9:
    resolution: {integrity: sha512-KphfkBKmwBnmolyrdhIl3lrBaOyTcCgXBT2AB/9OHnEXhOLvv5uTCUkrD4YRAxXPtFKq6UvnapIeoL3GZq0bdA==}
    cpu: [arm64]
    os: [win32]

  lefthook-windows-x64@2.1.9:
    resolution: {integrity: sha512-2qlUtkJHZ3MyUxgV5XTEmcrIoNZA07iwaquoswAcqv/1MeBFXlD+O+koFRfrzWng2O5WYEbpJnd8tvaYnV8fTA==}
    cpu: [x64]
    os: [win32]

  lefthook@2.1.9:
    resolution: {integrity: sha512-bwDaIOViTktE8kJLf9jP0p+H2/RDTlFFlc43Am2YgUsX22hI6Sq4RbzsrecwzY5y+MHTipOH7WsmWSEniePHWQ==}
    hasBin: true

  lines-and-columns@1.2.4:
    resolution: {integrity: sha512-7ylylesZQ/PV29jhEDl3Ufjo6ZX7gCqJr5F7PKrqc93v7fzSymt1BpwEU8nAUXs8qzzvqhbjhK5QZg6Mt/HkBg==}

  meow@14.1.0:
    resolution: {integrity: sha512-EDYo6VlmtnumlcBCbh1gLJ//9jvM/ndXHfVXIFrZVr6fGcwTUyCTFNTLCKuY3ffbK8L/+3Mzqnd58RojiZqHVw==}
    engines: {node: '>=20'}

  parent-module@1.0.1:
    resolution: {integrity: sha512-GQ2EWRpQV8/o+Aw8YqtfZZPfNRWZYkbidE9k5rpl/hC3vtHHBfGm2Ifi6qWV+coDGkrUKZAxE3Lot5kcsRlh+g==}
    engines: {node: '>=6'}

  parse-json@5.2.0:
    resolution: {integrity: sha512-ayCKvm/phCGxOkYRSCM82iDwct8/EonSEgCSxWxD7ve6jHggsFl4fZVQBPRNgQoKiuV/odhFrGzQXZwbifC8Rg==}
    engines: {node: '>=8'}

  picocolors@1.1.1:
    resolution: {integrity: sha512-xceH2snhtb5M9liqDsmEw56le376mTZkEX/jEb/RxNFyegNul7eNslCXP9FDj/Lcu0X8KEyMceP2ntpaHrDEVA==}

  picomatch@4.0.4:
    resolution: {integrity: sha512-QP88BAKvMam/3NxH6vj2o21R6MjxZUAd6nlwAS/pnGvN9IVLocLHxGYIzFhg6fUQ+5th6P4dv4eW9jX3DSIj7A==}
    engines: {node: '>=12'}

  prettier-plugin-packagejson@3.0.2:
    resolution: {integrity: sha512-kmoj3hEynXwoHDo8ZhmWAIjRBoQWCDUVackiWfSDWdgD0rS3LGB61T9zoVbume/cotYdCoadUh4sqViAmXvpBQ==}
    peerDependencies:
      prettier: ^3
    peerDependenciesMeta:
      prettier:
        optional: true

  prettier-plugin-toml@2.0.6:
    resolution: {integrity: sha512-12N/wBuHa9jd/KVy9pRP20NMKxQfQLMseQCt66lIbLaPLItvGUcSIryE1eZZMJ7loSws6Ig3M2Elc2EreNh76w==}
    engines: {node: '>=16.0.0'}
    peerDependencies:
      prettier: ^3.0.3

  prettier@3.9.4:
    resolution: {integrity: sha512-yWG/o/4oJfo036EKAfK6ACAoDOfHeRHx4tuxkfBZiauURiaSmYwlpOr5LQqKtIkRD2z1PLteme2WoxEnj4tHTg==}
    engines: {node: '>=14'}
    hasBin: true

  require-from-string@2.0.2:
    resolution: {integrity: sha512-Xf0nWe6RseziFMu+Ap9biiUbmplq6S9/p+7w7YXP/JBHhrUDDUhwa+vANyubuqfZWTveU//DYVGsDG7RKL/vEw==}
    engines: {node: '>=0.10.0'}

  resolve-from@4.0.0:
    resolution: {integrity: sha512-pb/MYmXstAkysRFx8piNI1tGFNQIFA3vkE3Gq4EuA1dF6gHp/+vgZqsCGJapvy8N3Q+4o7FwvquPJcnZ7RYy4g==}
    engines: {node: '>=4'}

  resolve-from@5.0.0:
    resolution: {integrity: sha512-qYg9KP24dD5qka9J47d0aVky0N+b4fTU89LN9iDnjB5waksiC49rvMB0PrUJQGoTmH50XPiqOvAjDfaijGxYZw==}
    engines: {node: '>=8'}

  semver@7.7.4:
    resolution: {integrity: sha512-vFKC2IEtQnVhpT78h1Yp8wzwrf8CM+MzKMHGJZfBtzhZNycRFnXsHk6E5TxIkkMsgNS7mdX3AGB7x2QM2di4lA==}
    engines: {node: '>=10'}
    hasBin: true

  sort-object-keys@2.1.0:
    resolution: {integrity: sha512-SOiEnthkJKPv2L6ec6HMwhUcN0/lppkeYuN1x63PbyPRrgSPIuBJCiYxYyvWRTtjMlOi14vQUCGUJqS6PLVm8g==}

  sort-package-json@3.6.1:
    resolution: {integrity: sha512-Chgejw1+10p2D0U2tB7au1lHtz6TkFnxmvZktyBCRyV0GgmF6nl1IxXxAsPtJVsUyg/fo+BfCMAVVFUVRkAHrQ==}
    engines: {node: '>=20'}
    hasBin: true

  string-width@7.2.0:
    resolution: {integrity: sha512-tsaTIkKW9b4N+AEj+SVA+WhJzV7/zMhcSu78mLKWSk7cXMOSHsBKFWUs0fWwq8QyK3MgJBQRX6Gbi4kYbdvGkQ==}
    engines: {node: '>=18'}

  strip-ansi@7.2.0:
    resolution: {integrity: sha512-yDPMNjp4WyfYBkHnjIRLfca1i6KMyGCtsVgoKe/z1+6vukgaENdgGBZt+ZmKPc4gavvEZ5OgHfHdrazhgNyG7w==}
    engines: {node: '>=12'}

  tinyexec@1.1.1:
    resolution: {integrity: sha512-VKS/ZaQhhkKFMANmAOhhXVoIfBXblQxGX1myCQ2faQrfmobMftXeJPcZGp0gS07ocvGJWDLZGyOZDadDBqYIJg==}
    engines: {node: '>=18'}

  tinyglobby@0.2.16:
    resolution: {integrity: sha512-pn99VhoACYR8nFHhxqix+uvsbXineAasWm5ojXoN8xEwK5Kd3/TrhNn1wByuD52UxWRLy8pu+kRMniEi6Eq9Zg==}
    engines: {node: '>=12.0.0'}

  typescript@6.0.3:
    resolution: {integrity: sha512-y2TvuxSZPDyQakkFRPZHKFm+KKVqIisdg9/CZwm9ftvKXLP8NRWj38/ODjNbr43SsoXqNuAisEf1GdCxqWcdBw==}
    engines: {node: '>=14.17'}
    hasBin: true

  undici-types@7.18.2:
    resolution: {integrity: sha512-AsuCzffGHJybSaRrmr5eHr81mwJU3kjw6M+uprWvCXiNeN9SOGwQ3Jn8jb8m3Z6izVgknn1R0FTCEAP2QrLY/w==}

  wrap-ansi@9.0.2:
    resolution: {integrity: sha512-42AtmgqjV+X1VpdOfyTGOYRi0/zsoLqtXQckTmqTeybT+BDIbM/Guxo7x3pE2vtpr1ok6xRqM9OpBe+Jyoqyww==}
    engines: {node: '>=18'}

  y18n@5.0.8:
    resolution: {integrity: sha512-0pfFzegeDWJHJIAmTLRP2DwHjdF5s7jo9tuztdQxAhINCdvS+3nGINqPd00AphqJR/0LhANUS6/+7SCb98YOfA==}
    engines: {node: '>=10'}

  yargs-parser@22.0.0:
    resolution: {integrity: sha512-rwu/ClNdSMpkSrUb+d6BRsSkLUq1fmfsY6TOpYzTwvwkg1/NRG85KBy3kq++A8LKQwX6lsu+aWad+2khvuXrqw==}
    engines: {node: ^20.19.0 || ^22.12.0 || >=23}

  yargs@18.0.0:
    resolution: {integrity: sha512-4UEqdc2RYGHZc7Doyqkrqiln3p9X2DZVxaGbwhn2pi7MrRagKaOcIKe8L3OxYcbhXLgLFUS3zAYuQjKBQgmuNg==}
    engines: {node: ^20.19.0 || ^22.12.0 || >=23}

snapshots:

  '@babel/code-frame@7.29.0':
    dependencies:
      '@babel/helper-validator-identifier': 7.28.5
      js-tokens: 4.0.0
      picocolors: 1.1.1

  '@babel/helper-validator-identifier@7.28.5': {}

  '@commitlint/cli@21.2.1(@types/node@24.13.2)(typescript@6.0.3)':
    dependencies:
      '@commitlint/config-conventional': 21.2.0
      '@commitlint/format': 21.2.0
      '@commitlint/lint': 21.2.0
      '@commitlint/load': 21.2.0(@types/node@24.13.2)(typescript@6.0.3)
      '@commitlint/read': 21.2.1
      '@commitlint/types': 21.2.0
      tinyexec: 1.1.1
      yargs: 18.0.0
    transitivePeerDependencies:
      - '@types/node'
      - conventional-commits-filter
      - conventional-commits-parser
      - typescript

  '@commitlint/config-conventional@21.2.0':
    dependencies:
      '@commitlint/types': 21.2.0
      conventional-changelog-conventionalcommits: 10.2.0

  '@commitlint/config-validator@21.2.0':
    dependencies:
      '@commitlint/types': 21.2.0
      ajv: 8.20.0

  '@commitlint/ensure@21.2.0':
    dependencies:
      '@commitlint/types': 21.2.0
      es-toolkit: 1.46.1

  '@commitlint/execute-rule@21.0.1': {}

  '@commitlint/format@21.2.0':
    dependencies:
      '@commitlint/types': 21.2.0
      picocolors: 1.1.1

  '@commitlint/is-ignored@21.2.0':
    dependencies:
      '@commitlint/types': 21.2.0
      semver: 7.7.4

  '@commitlint/lint@21.2.0':
    dependencies:
      '@commitlint/is-ignored': 21.2.0
      '@commitlint/parse': 21.2.0
      '@commitlint/rules': 21.2.0
      '@commitlint/types': 21.2.0

  '@commitlint/load@21.2.0(@types/node@24.13.2)(typescript@6.0.3)':
    dependencies:
      '@commitlint/config-validator': 21.2.0
      '@commitlint/execute-rule': 21.0.1
      '@commitlint/resolve-extends': 21.2.0
      '@commitlint/types': 21.2.0
      cosmiconfig: 9.0.1(typescript@6.0.3)
      cosmiconfig-typescript-loader: 6.3.0(@types/node@24.13.2)(cosmiconfig@9.0.1(typescript@6.0.3))(typescript@6.0.3)
      es-toolkit: 1.46.1
      is-plain-obj: 4.1.0
      picocolors: 1.1.1
    transitivePeerDependencies:
      - '@types/node'
      - typescript

  '@commitlint/message@21.2.0': {}

  '@commitlint/parse@21.2.0':
    dependencies:
      '@commitlint/types': 21.2.0
      conventional-changelog-angular: 9.2.0
      conventional-commits-parser: 7.0.0

  '@commitlint/read@21.2.1':
    dependencies:
      '@commitlint/top-level': 21.2.0
      '@commitlint/types': 21.2.0
      '@conventional-changelog/git-client': 3.1.0
      tinyexec: 1.1.1
    transitivePeerDependencies:
      - conventional-commits-filter
      - conventional-commits-parser

  '@commitlint/resolve-extends@21.2.0':
    dependencies:
      '@commitlint/config-validator': 21.2.0
      '@commitlint/types': 21.2.0
      es-toolkit: 1.46.1
      global-directory: 5.0.0
      resolve-from: 5.0.0

  '@commitlint/rules@21.2.0':
    dependencies:
      '@commitlint/ensure': 21.2.0
      '@commitlint/message': 21.2.0
      '@commitlint/to-lines': 21.0.1
      '@commitlint/types': 21.2.0

  '@commitlint/to-lines@21.0.1': {}

  '@commitlint/top-level@21.2.0':
    dependencies:
      escalade: 3.2.0

  '@commitlint/types@21.2.0':
    dependencies:
      conventional-commits-parser: 7.0.0
      picocolors: 1.1.1

  '@conventional-changelog/git-client@3.1.0':
    dependencies:
      '@simple-libs/child-process-utils': 2.0.0
      '@simple-libs/stream-utils': 2.0.0
      semver: 7.7.4

  '@conventional-changelog/template@1.2.0': {}

  '@simple-libs/child-process-utils@2.0.0':
    dependencies:
      '@simple-libs/stream-utils': 2.0.0

  '@simple-libs/stream-utils@2.0.0': {}

  '@taplo/core@0.2.0': {}

  '@taplo/lib@0.5.0':
    dependencies:
      '@taplo/core': 0.2.0

  '@types/node@24.13.2':
    dependencies:
      undici-types: 7.18.2

  ajv@8.20.0:
    dependencies:
      fast-deep-equal: 3.1.3
      fast-uri: 3.1.0
      json-schema-traverse: 1.0.0
      require-from-string: 2.0.2

  ansi-regex@6.2.2: {}

  ansi-styles@6.2.3: {}

  argparse@2.0.1: {}

  callsites@3.1.0: {}

  ci-info@4.4.0: {}

  cliui@9.0.1:
    dependencies:
      string-width: 7.2.0
      strip-ansi: 7.2.0
      wrap-ansi: 9.0.2

  conventional-changelog-angular@9.2.0:
    dependencies:
      '@conventional-changelog/template': 1.2.0

  conventional-changelog-conventionalcommits@10.2.0:
    dependencies:
      '@conventional-changelog/template': 1.2.0

  conventional-commits-parser@7.0.0:
    dependencies:
      '@simple-libs/stream-utils': 2.0.0
      meow: 14.1.0

  cosmiconfig-typescript-loader@6.3.0(@types/node@24.13.2)(cosmiconfig@9.0.1(typescript@6.0.3))(typescript@6.0.3):
    dependencies:
      '@types/node': 24.13.2
      cosmiconfig: 9.0.1(typescript@6.0.3)
      jiti: 2.6.1
      typescript: 6.0.3

  cosmiconfig@9.0.1(typescript@6.0.3):
    dependencies:
      env-paths: 2.2.1
      import-fresh: 3.3.1
      js-yaml: 4.1.1
      parse-json: 5.2.0
    optionalDependencies:
      typescript: 6.0.3

  detect-indent@7.0.2: {}

  detect-newline@4.0.1: {}

  emoji-regex@10.6.0: {}

  env-paths@2.2.1: {}

  error-ex@1.3.4:
    dependencies:
      is-arrayish: 0.2.1

  es-toolkit@1.46.1: {}

  escalade@3.2.0: {}

  fast-deep-equal@3.1.3: {}

  fast-uri@3.1.0: {}

  fdir@6.5.0(picomatch@4.0.4):
    optionalDependencies:
      picomatch: 4.0.4

  get-caller-file@2.0.5: {}

  get-east-asian-width@1.6.0: {}

  git-hooks-list@4.2.1: {}

  global-directory@5.0.0:
    dependencies:
      ini: 6.0.0

  import-fresh@3.3.1:
    dependencies:
      parent-module: 1.0.1
      resolve-from: 4.0.0

  ini@6.0.0: {}

  is-arrayish@0.2.1: {}

  is-ci@4.1.0:
    dependencies:
      ci-info: 4.4.0

  is-plain-obj@4.1.0: {}

  jiti@2.6.1: {}

  js-tokens@4.0.0: {}

  js-yaml@4.1.1:
    dependencies:
      argparse: 2.0.1

  json-parse-even-better-errors@2.3.1: {}

  json-schema-traverse@1.0.0: {}

  lefthook-darwin-arm64@2.1.9:
    optional: true

  lefthook-darwin-x64@2.1.9:
    optional: true

  lefthook-freebsd-arm64@2.1.9:
    optional: true

  lefthook-freebsd-x64@2.1.9:
    optional: true

  lefthook-linux-arm64@2.1.9:
    optional: true

  lefthook-linux-x64@2.1.9:
    optional: true

  lefthook-openbsd-arm64@2.1.9:
    optional: true

  lefthook-openbsd-x64@2.1.9:
    optional: true

  lefthook-windows-arm64@2.1.9:
    optional: true

  lefthook-windows-x64@2.1.9:
    optional: true

  lefthook@2.1.9:
    optionalDependencies:
      lefthook-darwin-arm64: 2.1.9
      lefthook-darwin-x64: 2.1.9
      lefthook-freebsd-arm64: 2.1.9
      lefthook-freebsd-x64: 2.1.9
      lefthook-linux-arm64: 2.1.9
      lefthook-linux-x64: 2.1.9
      lefthook-openbsd-arm64: 2.1.9
      lefthook-openbsd-x64: 2.1.9
      lefthook-windows-arm64: 2.1.9
      lefthook-windows-x64: 2.1.9

  lines-and-columns@1.2.4: {}

  meow@14.1.0: {}

  parent-module@1.0.1:
    dependencies:
      callsites: 3.1.0

  parse-json@5.2.0:
    dependencies:
      '@babel/code-frame': 7.29.0
      error-ex: 1.3.4
      json-parse-even-better-errors: 2.3.1
      lines-and-columns: 1.2.4

  picocolors@1.1.1: {}

  picomatch@4.0.4: {}

  prettier-plugin-packagejson@3.0.2(prettier@3.9.4):
    dependencies:
      sort-package-json: 3.6.1
    optionalDependencies:
      prettier: 3.9.4

  prettier-plugin-toml@2.0.6(prettier@3.9.4):
    dependencies:
      '@taplo/lib': 0.5.0
      prettier: 3.9.4

  prettier@3.9.4: {}

  require-from-string@2.0.2: {}

  resolve-from@4.0.0: {}

  resolve-from@5.0.0: {}

  semver@7.7.4: {}

  sort-object-keys@2.1.0: {}

  sort-package-json@3.6.1:
    dependencies:
      detect-indent: 7.0.2
      detect-newline: 4.0.1
      git-hooks-list: 4.2.1
      is-plain-obj: 4.1.0
      semver: 7.7.4
      sort-object-keys: 2.1.0
      tinyglobby: 0.2.16

  string-width@7.2.0:
    dependencies:
      emoji-regex: 10.6.0
      get-east-asian-width: 1.6.0
      strip-ansi: 7.2.0

  strip-ansi@7.2.0:
    dependencies:
      ansi-regex: 6.2.2

  tinyexec@1.1.1: {}

  tinyglobby@0.2.16:
    dependencies:
      fdir: 6.5.0(picomatch@4.0.4)
      picomatch: 4.0.4

  typescript@6.0.3: {}

  undici-types@7.18.2: {}

  wrap-ansi@9.0.2:
    dependencies:
      ansi-styles: 6.2.3
      string-width: 7.2.0
      strip-ansi: 7.2.0

  y18n@5.0.8: {}

  yargs-parser@22.0.0: {}

  yargs@18.0.0:
    dependencies:
      cliui: 9.0.1
      escalade: 3.2.0
      get-caller-file: 2.0.5
      string-width: 7.2.0
      y18n: 5.0.8
      yargs-parser: 22.0.0
